
Microsoft Visual Studio Solution File, Format Version 12.00
# Visual Studio 14
VisualStudioVersion = 14.0.25420.1
MinimumVisualStudioVersion = 10.0.40219.1
Project("{FAE04EC0-301F-11D3-BF4B-00C04F79EFBC}") = "Osrs.Oncor.SimpleDb", "Osrs.Oncor.SimpleDb\Osrs.Oncor.SimpleDb.csproj", "{B665178A-FEA7-4E28-88CA-F51823BA61BC}"
EndProject
Project("{FAE04EC0-301F-11D3-BF4B-00C04F79EFBC}") = "TestingApp", "TestingApp\TestingApp.csproj", "{511DA24D-EEFF-4366-A3A4-B9B7E3BC1B2F}"
EndProject
Global
	GlobalSection(SolutionConfigurationPlatforms) = preSolution
		Debug|Any CPU = Debug|Any CPU
		Release|Any CPU = Release|Any CPU
	EndGlobalSection
	GlobalSection(ProjectConfigurationPlatforms) = postSolution
		{B665178A-FEA7-4E28-88CA-F51823BA61BC}.Debug|Any CPU.ActiveCfg = Debug|Any CPU
		{B665178A-FEA7-4E28-88CA-F51823BA61BC}.Debug|Any CPU.Build.0 = Debug|Any CPU
		{B665178A-FEA7-4E28-88CA-F51823BA61BC}.Release|Any CPU.ActiveCfg = Release|Any CPU
		{B665178A-FEA7-4E28-88CA-F51823BA61BC}.Release|Any CPU.Build.0 = Release|Any CPU
		{511DA24D-EEFF-4366-A3A4-B9B7E3BC1B2F}.Debug|Any CPU.ActiveCfg = Debug|Any CPU
		{511DA24D-EEFF-4366-A3A4-B9B7E3BC1B2F}.Debug|Any CPU.Build.0 = Debug|Any CPU
		{511DA24D-EEFF-4366-A3A4-B9B7E3BC1B2F}.Release|Any CPU.ActiveCfg = Release|Any CPU
		{511DA24D-EEFF-4366-A3A4-B9B7E3BC1B2F}.Release|Any CPU.Build.0 = Release|Any CPU
	EndGlobalSection
	GlobalSection(SolutionProperties) = preSolution
		HideSolutionNode = FALSE
	EndGlobalSection
EndGlobal
